[[package]]
name = "pymupdf"
version = "1.19.6"
description = "Python bindings for the PDF toolkit and renderer MuPDF"
category = "main"
optional = false
python-versions = ">=3.6"

[metadata]
lock-version = "1.1"
python-versions = "^3.8"
content-hash = "012a7371795f8379e76a77b3bdf3e6e210d2f1a77e5648a75f7f7ff0b4b318a3"

[metadata.files]
pymupdf = [
    {file = "PyMuPDF-1.19.6-cp310-cp310-macosx_10_9_x86_64.whl", hash = "sha256:945529b7868f9fe290b11dfbc37e2b9012610fac9763686ccf91a4d968305c5e"},
    {file = "PyMuPDF-1.19.6-cp310-cp310-manylinux_2_17_aarch64.manylinux2014_aarch64.whl", hash = "sha256:38188f88a6e648b9f3a87d29de5b4ed52f910827a15859b183f1321c68e6ac00"},
    {file = "PyMuPDF-1.19.6-cp310-cp310-manylinux_2_17_x86_64.manylinux2014_x86_64.whl", hash = "sha256:9998f7dfa0f99d6c2c3eb0dcfbfd44433247c23c4b781bc45f76dab421bc554b"},
    {file = "PyMuPDF-1.19.6-cp310-cp310-win32.whl", hash = "sha256:1e7b85e2611a9cca7a410e4c5a510a11131de7c5da9379e46615a8d3adfa6df5"},
    {file = "PyMuPDF-1.19.6-cp310-cp310-win_amd64.whl", hash = "sha256:909fb46900e7422515291761a1294902cf163226ec8918ea4c3454537336dfeb"},
    {file = "PyMuPDF-1.19.6-cp37-cp37m-macosx_10_9_x86_64.whl", hash = "sha256:39192c009afd8dd877a79ed02519ec8d17699bec9e9543115e490f06a553e200"},
    {file = "PyMuPDF-1.19.6-cp37-cp37m-manylinux_2_17_aarch64.manylinux2014_aarch64.whl", hash = "sha256:11b913664c059146e512e8559ebd9f976570ef21c0338c953836bc02051c1d7e"},
    {file = "PyMuPDF-1.19.6-cp37-cp37m-manylinux_2_17_x86_64.manylinux2014_x86_64.whl", hash = "sha256:13ed689e5ad4c3adecb7586050de8baaa1819f48e2c57ca4e87f80e3b2727cb3"},
    {file = "PyMuPDF-1.19.6-cp37-cp37m-win32.whl", hash = "sha256:b0db8c81b6c781e373ed005f7595e49b760f91edb3b36d1dc69ec29b4fad34f8"},
    {file = "PyMuPDF-1.19.6-cp37-cp37m-win_amd64.whl", hash = "sha256:164dc67f1f5db3b22207b2aeba0fadff0503123c8f31c46768b7da7d3595a181"},
    {file = "PyMuPDF-1.19.6-cp38-cp38-macosx_10_9_x86_64.whl", hash = "sha256:05c54acf69ee55ef97453f9c52982ef2839c188fe464d6b4cdc053bd4c6298f1"},
    {file = "PyMuPDF-1.19.6-cp38-cp38-manylinux_2_17_aarch64.manylinux2014_aarch64.whl", hash = "sha256:f04086036d40af50e5d6f54e949fa12eacda2d752562a2f85215763b137bf864"},
    {file = "PyMuPDF-1.19.6-cp38-cp38-manylinux_2_17_x86_64.manylinux2014_x86_64.whl", hash = "sha256:c03004415a6d140b2c4bb494bb507c9ccbd55d713407e3b5bc1dd35fa45f2be0"},
    {file = "PyMuPDF-1.19.6-cp38-cp38-win32.whl", hash = "sha256:a3b8e5c2de6192c89f379283aa07aa7fd044098dab43a8cd3ac172e961caf286"},
    {file = "PyMuPDF-1.19.6-cp38-cp38-win_amd64.whl", hash = "sha256:4c5e7211b85e13050ac6e25879d4f0476b7a04f23bd3b6442489cec9f8da8418"},
    {file = "PyMuPDF-1.19.6-cp39-cp39-macosx_10_9_x86_64.whl", hash = "sha256:f3f96bd465e9e0e2960bb70e92233af0865181b9dd8ac5bc6b159d79584df2fe"},
    {file = "PyMuPDF-1.19.6-cp39-cp39-manylinux_2_17_aarch64.manylinux2014_aarch64.whl", hash = "sha256:7281324a0325dd30c033644cc8654167dcbfe47c4b1d49805d407fa5a64ce76b"},
    {file = "PyMuPDF-1.19.6-cp39-cp39-manylinux_2_17_x86_64.manylinux2014_x86_64.whl", hash = "sha256:976fb0e93f025617890f8f8d8517371684131aa0e9fc0c1d0b4cd8bd564cce27"},
    {file = "PyMuPDF-1.19.6-cp39-cp39-win32.whl", hash = "sha256:dffe67c5574d0ebb1e39b5ecf806fb4fd4ddb01bee5630f516ece4468252c9f0"},
    {file = "PyMuPDF-1.19.6-cp39-cp39-win_amd64.whl", hash = "sha256:cfd6c666b02a066e9e76d9ce8ca5e7fa4f2bf7a8ce6934cd2837b08509d46f8e"},
    {file = "PyMuPDF-1.19.6.tar.gz", hash = "sha256:ef3d13e27f1585d776f6a2597f113aabd28d36b648b983a72850b21c5399ab08"},
]
